
Microsoft Visual Studio Solution File, Format Version 12.00
Project("{FAE04EC0-301F-11D3-BF4B-00C04F79EFBC}") = "Analyzers.Tests", "Analyzers.Tests\Analyzers.Tests.csproj", "{DC20AEAF-DD3F-44C6-87E6-133198CB42C3}"
EndProject
Project("{2150E333-8FDC-42A3-9474-1A3956D46DE8}") = "SolutionItems", "SolutionItems", "{95ECCBA1-4978-4A19-A786-9A80EDF876EC}"
ProjectSection(SolutionItems) = preProject
	NuGet.config = NuGet.config
EndProjectSection
EndProject
Project("{FAE04EC0-301F-11D3-BF4B-00C04F79EFBC}") = "Analyzers", "Analyzers\Analyzers.csproj", "{C3B17A6E-BFDD-4185-8DEB-B76E8685E394}"
EndProject
Project("{2150E333-8FDC-42A3-9474-1A3956D46DE8}") = "Tests", "Tests", "{0282D19C-1D45-4D06-9B7A-16BEEB65168E}"
EndProject
Global
	GlobalSection(SolutionConfigurationPlatforms) = preSolution
		Debug|Any CPU = Debug|Any CPU
		Release|Any CPU = Release|Any CPU
	EndGlobalSection
	GlobalSection(ProjectConfigurationPlatforms) = postSolution
		{DC20AEAF-DD3F-44C6-87E6-133198CB42C3}.Debug|Any CPU.ActiveCfg = Debug|Any CPU
		{DC20AEAF-DD3F-44C6-87E6-133198CB42C3}.Debug|Any CPU.Build.0 = Debug|Any CPU
		{DC20AEAF-DD3F-44C6-87E6-133198CB42C3}.Release|Any CPU.ActiveCfg = Release|Any CPU
		{DC20AEAF-DD3F-44C6-87E6-133198CB42C3}.Release|Any CPU.Build.0 = Release|Any CPU
		{C3B17A6E-BFDD-4185-8DEB-B76E8685E394}.Debug|Any CPU.ActiveCfg = Debug|Any CPU
		{C3B17A6E-BFDD-4185-8DEB-B76E8685E394}.Debug|Any CPU.Build.0 = Debug|Any CPU
		{C3B17A6E-BFDD-4185-8DEB-B76E8685E394}.Release|Any CPU.ActiveCfg = Release|Any CPU
		{C3B17A6E-BFDD-4185-8DEB-B76E8685E394}.Release|Any CPU.Build.0 = Release|Any CPU
	EndGlobalSection
	GlobalSection(NestedProjects) = preSolution
		{DC20AEAF-DD3F-44C6-87E6-133198CB42C3} = {0282D19C-1D45-4D06-9B7A-16BEEB65168E}
	EndGlobalSection
EndGlobal
